
Microsoft Visual Studio Solution File, Format Version 12.00
# Visual Studio Version 17
VisualStudioVersion = 17.9.34728.123
MinimumVisualStudioVersion = 10.0.40219.1
Project("{FAE04EC0-301F-11D3-BF4B-00C04F79EFBC}") = "Atividade - 08", "Atividade - 08\Atividade - 08.csproj", "{998E8553-8699-46AC-81AE-4843F556799A}"
EndProject
Project("{9A19103F-16F7-4668-BE54-9A1E7A4F7556}") = "04 - OperadoresMatematicos", "..\..\IntroducaoC#\04 - OperadoresMatematicos\04 - OperadoresMatematicos\04 - OperadoresMatematicos.csproj", "{E0B3F57F-FC51-4E76-9373-59026FBAC2DB}"
EndProject
Global
	GlobalSection(SolutionConfigurationPlatforms) = preSolution
		Debug|Any CPU = Debug|Any CPU
		Release|Any CPU = Release|Any CPU
	EndGlobalSection
	GlobalSection(ProjectConfigurationPlatforms) = postSolution
		{998E8553-8699-46AC-81AE-4843F556799A}.Debug|Any CPU.ActiveCfg = Debug|Any CPU
		{998E8553-8699-46AC-81AE-4843F556799A}.Debug|Any CPU.Build.0 = Debug|Any CPU
		{998E8553-8699-46AC-81AE-4843F556799A}.Release|Any CPU.ActiveCfg = Release|Any CPU
		{998E8553-8699-46AC-81AE-4843F556799A}.Release|Any CPU.Build.0 = Release|Any CPU
		{E0B3F57F-FC51-4E76-9373-59026FBAC2DB}.Debug|Any CPU.ActiveCfg = Debug|Any CPU
		{E0B3F57F-FC51-4E76-9373-59026FBAC2DB}.Debug|Any CPU.Build.0 = Debug|Any CPU
		{E0B3F57F-FC51-4E76-9373-59026FBAC2DB}.Release|Any CPU.ActiveCfg = Release|Any CPU
		{E0B3F57F-FC51-4E76-9373-59026FBAC2DB}.Release|Any CPU.Build.0 = Release|Any CPU
	EndGlobalSection
	GlobalSection(SolutionProperties) = preSolution
		HideSolutionNode = FALSE
	EndGlobalSection
	GlobalSection(ExtensibilityGlobals) = postSolution
		SolutionGuid = {FC1148FD-F896-4642-A2C4-7415DDA52824}
	EndGlobalSection
EndGlobal
