
Microsoft Visual Studio Solution File, Format Version 12.00
# Visual Studio Version 17
VisualStudioVersion = 17.9.34728.123
MinimumVisualStudioVersion = 10.0.40219.1
Project("{FAE04EC0-301F-11D3-BF4B-00C04F79EFBC}") = "Atividade - 05", "Atividade - 05\Atividade - 05.csproj", "{19C86C7C-974B-4600-A87B-1CCFAC4FF52F}"
EndProject
Project("{9A19103F-16F7-4668-BE54-9A1E7A4F7556}") = "03 - ConvertendoValores", "..\..\IntroducaoC#\03 - ConvertendoValores\03 - ConvertendoValores\03 - ConvertendoValores.csproj", "{AC094680-15F7-4580-B191-54917309ED6C}"
EndProject
Project("{9A19103F-16F7-4668-BE54-9A1E7A4F7556}") = "04 - OperadoresMatematicos", "..\..\IntroducaoC#\04 - OperadoresMatematicos\04 - OperadoresMatematicos\04 - OperadoresMatematicos.csproj", "{34F8D418-F05F-46D4-802B-159A2BADCEEE}"
EndProject
Global
	GlobalSection(SolutionConfigurationPlatforms) = preSolution
		Debug|Any CPU = Debug|Any CPU
		Release|Any CPU = Release|Any CPU
	EndGlobalSection
	GlobalSection(ProjectConfigurationPlatforms) = postSolution
		{19C86C7C-974B-4600-A87B-1CCFAC4FF52F}.Debug|Any CPU.ActiveCfg = Debug|Any CPU
		{19C86C7C-974B-4600-A87B-1CCFAC4FF52F}.Debug|Any CPU.Build.0 = Debug|Any CPU
		{19C86C7C-974B-4600-A87B-1CCFAC4FF52F}.Release|Any CPU.ActiveCfg = Release|Any CPU
		{19C86C7C-974B-4600-A87B-1CCFAC4FF52F}.Release|Any CPU.Build.0 = Release|Any CPU
		{AC094680-15F7-4580-B191-54917309ED6C}.Debug|Any CPU.ActiveCfg = Debug|Any CPU
		{AC094680-15F7-4580-B191-54917309ED6C}.Debug|Any CPU.Build.0 = Debug|Any CPU
		{AC094680-15F7-4580-B191-54917309ED6C}.Release|Any CPU.ActiveCfg = Release|Any CPU
		{AC094680-15F7-4580-B191-54917309ED6C}.Release|Any CPU.Build.0 = Release|Any CPU
		{34F8D418-F05F-46D4-802B-159A2BADCEEE}.Debug|Any CPU.ActiveCfg = Debug|Any CPU
		{34F8D418-F05F-46D4-802B-159A2BADCEEE}.Debug|Any CPU.Build.0 = Debug|Any CPU
		{34F8D418-F05F-46D4-802B-159A2BADCEEE}.Release|Any CPU.ActiveCfg = Release|Any CPU
		{34F8D418-F05F-46D4-802B-159A2BADCEEE}.Release|Any CPU.Build.0 = Release|Any CPU
	EndGlobalSection
	GlobalSection(SolutionProperties) = preSolution
		HideSolutionNode = FALSE
	EndGlobalSection
	GlobalSection(ExtensibilityGlobals) = postSolution
		SolutionGuid = {7DC8ED83-58FD-40E9-9C20-BB0723D5E552}
	EndGlobalSection
EndGlobal
